
Microsoft Visual Studio Solution File, Format Version 12.00
# Visual Studio Version 16
VisualStudioVersion = 16.0.29215.179
MinimumVisualStudioVersion = 10.0.40219.1
Project("{FAE04EC0-301F-11D3-BF4B-00C04F79EFBC}") = "MyRPG", "MyRPG3\MyRPG.csproj", "{80FA718F-A38D-4BF5-9CB8-BFC78F662D4A}"
EndProject
Global
	GlobalSection(SolutionConfigurationPlatforms) = preSolution
		Debug|Any CPU = Debug|Any CPU
		Release|Any CPU = Release|Any CPU
	EndGlobalSection
	GlobalSection(ProjectConfigurationPlatforms) = postSolution
		{80FA718F-A38D-4BF5-9CB8-BFC78F662D4A}.Debug|Any CPU.ActiveCfg = Debug|Any CPU
		{80FA718F-A38D-4BF5-9CB8-BFC78F662D4A}.Debug|Any CPU.Build.0 = Debug|Any CPU
		{80FA718F-A38D-4BF5-9CB8-BFC78F662D4A}.Release|Any CPU.ActiveCfg = Release|Any CPU
		{80FA718F-A38D-4BF5-9CB8-BFC78F662D4A}.Release|Any CPU.Build.0 = Release|Any CPU
	EndGlobalSection
	GlobalSection(SolutionProperties) = preSolution
		HideSolutionNode = FALSE
	EndGlobalSection
	GlobalSection(ExtensibilityGlobals) = postSolution
		SolutionGuid = {D6C01BE3-D09E-4402-AC4A-42E3471B732D}
	EndGlobalSection
EndGlobal
